PODS:
  - AEXML (4.3.3)
  - Mockingjay (2.0.1):
    - Mockingjay/Core (= 2.0.1)
    - Mockingjay/XCTest (= 2.0.1)
  - Mockingjay/Core (2.0.1):
    - URITemplate (~> 2.0)
  - Mockingjay/XCTest (2.0.1):
    - Mockingjay/Core
  - RxAtomic (4.4.0)
  - RxBlocking (4.4.0):
    - RxAtomic (~> 4.4)
    - RxSwift (~> 4.0)
  - RxCocoa (4.4.0):
    - RxSwift (~> 4.0)
  - RxSSDP (4.2.0):
    - RxSwift (~> 4.4)
  - RxSwift (4.4.0):
    - RxAtomic (~> 4.4)
  - SwiftLint (0.29.2)
  - URITemplate (2.0.3)

DEPENDENCIES:
  - AEXML (~> 4.3)
  - Mockingjay
  - RxBlocking (~> 4.4)
  - RxCocoa (~> 4.4)
  - RxSSDP (~> 4.2)
  - RxSwift (~> 4.4)
  - SwiftLint

SPEC REPOS:
  https://github.com/cocoapods/specs.git:
    - AEXML
    - Mockingjay
    - RxAtomic
    - RxBlocking
    - RxCocoa
    - RxSSDP
    - RxSwift
    - SwiftLint
    - URITemplate

SPEC CHECKSUMS:
  AEXML: 601f41fcaa7bda7605cad153b0f43db9ec006c0f
  Mockingjay: 11a621880d2887f1775bdcf824341eb68f218450
  RxAtomic: eacf60db868c96bfd63320e28619fe29c179656f
  RxBlocking: 138ad53217434444d6eeeb4fb406a45431d92e31
  RxCocoa: df63ebf7b9a70d6b4eeea407ed5dd4efc8979749
  RxSSDP: d5c09b1d1836a286b75a45b833ae378024484088
  RxSwift: 5976ecd04fc2fefd648827c23de5e11157faa973
  SwiftLint: 47df60bdea6e7e902b193b6596db8683aafd86a3
  URITemplate: ace0c4c46dcf8afe6e89b4060621852886b15c3b

PODFILE CHECKSUM: 19e27881999182b2c25b923c594930a009f81f4d

COCOAPODS: 1.5.3
