PODS:
  - AEXML (4.3.0)
  - Mockingjay (2.0.1):
    - Mockingjay/Core (= 2.0.1)
    - Mockingjay/XCTest (= 2.0.1)
  - Mockingjay/Core (2.0.1):
    - URITemplate (~> 2.0)
  - Mockingjay/XCTest (2.0.1):
    - Mockingjay/Core
  - RxBlocking (4.2.0):
    - RxSwift (~> 4.0)
  - RxCocoa (4.2.0):
    - RxSwift (~> 4.0)
  - RxSSDP (4.1.8):
    - RxSwift (~> 4.2)
  - RxSwift (4.2.0)
  - SwiftLint (0.26.0)
  - URITemplate (2.0.3)

DEPENDENCIES:
  - AEXML (~> 4.2)
  - Mockingjay (~> 2.0)
  - RxBlocking (~> 4.1)
  - RxCocoa (~> 4.1)
  - RxSSDP (~> 4.1)
  - RxSwift (~> 4.1)
  - SwiftLint

SPEC REPOS:
  https://github.com/cocoapods/specs.git:
    - AEXML
    - Mockingjay
    - RxBlocking
    - RxCocoa
    - RxSSDP
    - RxSwift
    - SwiftLint
    - URITemplate

SPEC CHECKSUMS:
  AEXML: bae92c01e0da64132fd72f748721cda07466032b
  Mockingjay: 11a621880d2887f1775bdcf824341eb68f218450
  RxBlocking: e339d8a6e752e25ade95ff858466c55436668f59
  RxCocoa: 0b54909c902e1e581212a03e690bbd94032d8baa
  RxSSDP: 26c960945c07b33ebdc6ac2e2b4bc44fe1199dc9
  RxSwift: 99e10317ddfcc7fbe01356aafd118fde4a0be104
  SwiftLint: f6b83e8d95ee1e91e11932d843af4fdcbf3fc764
  URITemplate: ace0c4c46dcf8afe6e89b4060621852886b15c3b

PODFILE CHECKSUM: 28ed4484b37ec5f6e2b9eeedc07b7d6252c3b7cb

COCOAPODS: 1.5.3
